# This file is automatically @generated by Cargo.
# It is not intended for manual editing.
version = 4

[[package]]
name = "fndr-bench"
version = "2.0.0-dev"

[[package]]
name = "fndr-capture"
version = "2.0.0-dev"

[[package]]
name = "fndr-companion"
version = "2.0.0-dev"

[[package]]
name = "fndr-downloader"
version = "2.0.0-dev"

[[package]]
name = "fndr-graph"
version = "2.0.0-dev"

[[package]]
name = "fndr-inference"
version = "2.0.0-dev"

[[package]]
name = "fndr-mcp"
version = "2.0.0-dev"

[[package]]
name = "fndr-memory"
version = "2.0.0-dev"

[[package]]
name = "fndr-ocr"
version = "2.0.0-dev"

[[package]]
name = "fndr-privacy"
version = "2.0.0-dev"

[[package]]
name = "fndr-retrieval"
version = "2.0.0-dev"

[[package]]
name = "fndr-shell"
version = "2.0.0-dev"

[[package]]
name = "fndr-store"
version = "2.0.0-dev"

[[package]]
name = "fndr-textsignal"
version = "2.0.0-dev"

[[package]]
name = "fndr-types"
version = "2.0.0-dev"

[[package]]
name = "fndr-updater"
version = "2.0.0-dev"
